
Microsoft Visual Studio Solution File, Format Version 12.00
# Visual Studio Version 16
VisualStudioVersion = 16.0.31624.102
MinimumVisualStudioVersion = 10.0.40219.1
Project("{FAE04EC0-301F-11D3-BF4B-00C04F79EFBC}") = "DescompliqueFinancas", "DescompliqueFinancas.csproj", "{56953EF3-FCE7-4A92-B1E1-889165BAE210}"
EndProject
Global
	GlobalSection(SolutionConfigurationPlatforms) = preSolution
		Debug|Any CPU = Debug|Any CPU
		Release|Any CPU = Release|Any CPU
	EndGlobalSection
	GlobalSection(ProjectConfigurationPlatforms) = postSolution
		{56953EF3-FCE7-4A92-B1E1-889165BAE210}.Debug|Any CPU.ActiveCfg = Debug|Any CPU
		{56953EF3-FCE7-4A92-B1E1-889165BAE210}.Debug|Any CPU.Build.0 = Debug|Any CPU
		{56953EF3-FCE7-4A92-B1E1-889165BAE210}.Release|Any CPU.ActiveCfg = Release|Any CPU
		{56953EF3-FCE7-4A92-B1E1-889165BAE210}.Release|Any CPU.Build.0 = Release|Any CPU
	EndGlobalSection
	GlobalSection(SolutionProperties) = preSolution
		HideSolutionNode = FALSE
	EndGlobalSection
	GlobalSection(ExtensibilityGlobals) = postSolution
		SolutionGuid = {5FA8E1C2-9B3B-4AF0-82D5-F76D3234892D}
	EndGlobalSection
EndGlobal
